
Microsoft Visual Studio Solution File, Format Version 12.00
# Visual Studio Version 17
VisualStudioVersion = 17.11.35327.3
MinimumVisualStudioVersion = 10.0.40219.1
Project("{FAE04EC0-301F-11D3-BF4B-00C04F79EFBC}") = "ImageMetadataRemoval", "ImageMetadataRemoval.csproj", "{0A08F0EA-1932-4AAB-BDED-DED9BD0D039A}"
EndProject
Global
	GlobalSection(SolutionConfigurationPlatforms) = preSolution
		Debug|Any CPU = Debug|Any CPU
		Release|Any CPU = Release|Any CPU
	EndGlobalSection
	GlobalSection(ProjectConfigurationPlatforms) = postSolution
		{0A08F0EA-1932-4AAB-BDED-DED9BD0D039A}.Debug|Any CPU.ActiveCfg = Debug|Any CPU
		{0A08F0EA-1932-4AAB-BDED-DED9BD0D039A}.Debug|Any CPU.Build.0 = Debug|Any CPU
		{0A08F0EA-1932-4AAB-BDED-DED9BD0D039A}.Release|Any CPU.ActiveCfg = Release|Any CPU
		{0A08F0EA-1932-4AAB-BDED-DED9BD0D039A}.Release|Any CPU.Build.0 = Release|Any CPU
	EndGlobalSection
	GlobalSection(SolutionProperties) = preSolution
		HideSolutionNode = FALSE
	EndGlobalSection
	GlobalSection(ExtensibilityGlobals) = postSolution
		SolutionGuid = {9138D27E-DF7B-46B8-8AA1-E3244AC05727}
	EndGlobalSection
EndGlobal
